
Microsoft Visual Studio Solution File, Format Version 12.00
# Visual Studio 15
VisualStudioVersion = 15.0.27428.2043
MinimumVisualStudioVersion = 10.0.40219.1
Project("{FAE04EC0-301F-11D3-BF4B-00C04F79EFBC}") = "Windows", "Windows\Windows.csproj", "{4A60016A-8C9A-4E74-93AE-A320B687E4D8}"
EndProject
Project("{9A19103F-16F7-4668-BE54-9A1E7A4F7556}") = "Web", "Web\Web.csproj", "{CA44BAE8-067E-4C98-96C0-ED74E66E482A}"
EndProject
Project("{FAE04EC0-301F-11D3-BF4B-00C04F79EFBC}") = "Infraestrutura", "Infraestrutura\Infraestrutura.csproj", "{0ECDF807-A3C9-452D-83A4-11FB38ABB5FA}"
EndProject
Project("{FAE04EC0-301F-11D3-BF4B-00C04F79EFBC}") = "TesteInfra", "TesteInfra\TesteInfra.csproj", "{CC15BD15-C3A3-4EC8-9FF7-80BEB75F2F96}"
EndProject
Global
	GlobalSection(SolutionConfigurationPlatforms) = preSolution
		Debug|Any CPU = Debug|Any CPU
		Release|Any CPU = Release|Any CPU
	EndGlobalSection
	GlobalSection(ProjectConfigurationPlatforms) = postSolution
		{4A60016A-8C9A-4E74-93AE-A320B687E4D8}.Debug|Any CPU.ActiveCfg = Debug|Any CPU
		{4A60016A-8C9A-4E74-93AE-A320B687E4D8}.Debug|Any CPU.Build.0 = Debug|Any CPU
		{4A60016A-8C9A-4E74-93AE-A320B687E4D8}.Release|Any CPU.ActiveCfg = Release|Any CPU
		{4A60016A-8C9A-4E74-93AE-A320B687E4D8}.Release|Any CPU.Build.0 = Release|Any CPU
		{CA44BAE8-067E-4C98-96C0-ED74E66E482A}.Debug|Any CPU.ActiveCfg = Debug|Any CPU
		{CA44BAE8-067E-4C98-96C0-ED74E66E482A}.Debug|Any CPU.Build.0 = Debug|Any CPU
		{CA44BAE8-067E-4C98-96C0-ED74E66E482A}.Release|Any CPU.ActiveCfg = Release|Any CPU
		{CA44BAE8-067E-4C98-96C0-ED74E66E482A}.Release|Any CPU.Build.0 = Release|Any CPU
		{0ECDF807-A3C9-452D-83A4-11FB38ABB5FA}.Debug|Any CPU.ActiveCfg = Debug|Any CPU
		{0ECDF807-A3C9-452D-83A4-11FB38ABB5FA}.Debug|Any CPU.Build.0 = Debug|Any CPU
		{0ECDF807-A3C9-452D-83A4-11FB38ABB5FA}.Release|Any CPU.ActiveCfg = Release|Any CPU
		{0ECDF807-A3C9-452D-83A4-11FB38ABB5FA}.Release|Any CPU.Build.0 = Release|Any CPU
		{CC15BD15-C3A3-4EC8-9FF7-80BEB75F2F96}.Debug|Any CPU.ActiveCfg = Debug|Any CPU
		{CC15BD15-C3A3-4EC8-9FF7-80BEB75F2F96}.Debug|Any CPU.Build.0 = Debug|Any CPU
		{CC15BD15-C3A3-4EC8-9FF7-80BEB75F2F96}.Release|Any CPU.ActiveCfg = Release|Any CPU
		{CC15BD15-C3A3-4EC8-9FF7-80BEB75F2F96}.Release|Any CPU.Build.0 = Release|Any CPU
	EndGlobalSection
	GlobalSection(SolutionProperties) = preSolution
		HideSolutionNode = FALSE
	EndGlobalSection
	GlobalSection(ExtensibilityGlobals) = postSolution
		SolutionGuid = {558A3054-3D70-4F4C-9DA4-78412B0E5DC0}
	EndGlobalSection
EndGlobal
